PODS:
  - Alamofire (4.9.0)
  - Kingfisher (5.7.1)
  - SnapKit (5.0.1)

DEPENDENCIES:
  - Alamofire
  - Kingfisher
  - SnapKit

SPEC REPOS:
  https://github.com/cocoapods/specs.git:
    - Alamofire
    - Kingfisher
    - SnapKit

SPEC CHECKSUMS:
  Alamofire: afc3e7c6db61476cb45cdd23fed06bad03bbc321
  Kingfisher: 176d377ad339113c99ad4980cbae687f807e20fe
  SnapKit: 97b92857e3df3a0c71833cce143274bf6ef8e5eb

PODFILE CHECKSUM: a664e326ef5398e4cb83d4ceded2ae968e75f15b

COCOAPODS: 1.6.0.beta.1
